<?xml version="1.0" encoding="utf-8"?>
<Project ToolsVersion="4.0" xmlns="http://schemas.microsoft.com/developer/msbuild/2003">
  <ItemGroup>
    <ClCompile Include="src\ofApp.cpp">
      <Filter>src</Filter>
    </ClCompile>
    <ClCompile Include="src\main.cpp">
      <Filter>src</Filter>
    </ClCompile>
    <ClCompile Include="libs\include\BMDSwitcherAPI_i.c">
      <Filter>addons\include</Filter>
    </ClCompile>
    <ClCompile Include="libs\src\ofxBlackmagicATEM.cpp">
      <Filter>addons\src</Filter>
    </ClCompile>
  </ItemGroup>
  <ItemGroup>
    <Filter Include="src">
      <UniqueIdentifier>{d8376475-7454-4a24-b08a-aac121d3ad6f}</UniqueIdentifier>
    </Filter>
    <Filter Include="addons">
      <UniqueIdentifier>{0ff4a03e-be22-416c-bd4f-7f1be98a9fa5}</UniqueIdentifier>
    </Filter>
    <Filter Include="addons\include">
      <UniqueIdentifier>{026a5ea7-017e-45e7-b278-6c3d949c4269}</UniqueIdentifier>
    </Filter>
    <Filter Include="addons\src">
      <UniqueIdentifier>{1759fc0c-b054-4aaa-9ddb-22b7ec15e4b2}</UniqueIdentifier>
    </Filter>
  </ItemGroup>
  <ItemGroup>
    <ClInclude Include="src\ofApp.h">
      <Filter>src</Filter>
    </ClInclude>
    <ClInclude Include="libs\include\BMDSwitcherAPI_h.h">
      <Filter>addons\include</Filter>
    </ClInclude>
    <ClInclude Include="libs\src\ofxBlackmagicATEM.h">
      <Filter>addons\src</Filter>
    </ClInclude>
    <ClInclude Include="libs\src\ATEMInput.h">
      <Filter>addons\src</Filter>
    </ClInclude>
  </ItemGroup>
  <ItemGroup>
    <ResourceCompile Include="icon.rc" />
  </ItemGroup>
  <ItemGroup>
    <Midl Include="libs\include\BMDSwitcherAPI.idl">
      <Filter>addons\include</Filter>
    </Midl>
  </ItemGroup>
</Project>